// !$*UTF8*$!
{
	archiveVersion = 1;
	classes = {
	};
	objectVersion = 46;
	objects = {

/* Begin PBXBuildFile section */
		1EE01062D7C22F645617016B /* libPods.a in Frameworks */ = {isa = PBXBuildFile; fileRef = 4214831C0247D0CD86190F8F /* libPods.a */; };
		C526D7151A7734950029940C /* Numbers.m in Sources */ = {isa = PBXBuildFile; fileRef = C526D7141A7734950029940C /* Numbers.m */; };
		C540B3AA1A7B6C3000A568DE /* ShoppingListTableView.m in Sources */ = {isa = PBXBuildFile; fileRef = C540B3A91A7B6C3000A568DE /* ShoppingListTableView.m */; };
		C540B3B01A7F691200A568DE /* ShoppingListTableViewDragAddNew.m in Sources */ = {isa = PBXBuildFile; fileRef = C540B3AF1A7F691200A568DE /* ShoppingListTableViewDragAddNew.m */; };
		C540B3B31A80775400A568DE /* ShoppingListTableViewPinchToAdd.m in Sources */ = {isa = PBXBuildFile; fileRef = C540B3B21A80775400A568DE /* ShoppingListTableViewPinchToAdd.m */; };
		C55F33691A318D7C00EEE2E2 /* main.m in Sources */ = {isa = PBXBuildFile; fileRef = C55F33681A318D7C00EEE2E2 /* main.m */; };
		C55F336C1A318D7C00EEE2E2 /* AppDelegate.m in Sources */ = {isa = PBXBuildFile; fileRef = C55F336B1A318D7C00EEE2E2 /* AppDelegate.m */; };
		C55F336F1A318D7C00EEE2E2 /* ChiShenMe.xcdatamodeld in Sources */ = {isa = PBXBuildFile; fileRef = C55F336D1A318D7C00EEE2E2 /* ChiShenMe.xcdatamodeld */; };
		C55F33721A318D7C00EEE2E2 /* ViewController.m in Sources */ = {isa = PBXBuildFile; fileRef = C55F33711A318D7C00EEE2E2 /* ViewController.m */; };
		C55F33751A318D7C00EEE2E2 /* Main.storyboard in Resources */ = {isa = PBXBuildFile; fileRef = C55F33731A318D7C00EEE2E2 /* Main.storyboard */; };
		C55F33771A318D7C00EEE2E2 /* Images.xcassets in Resources */ = {isa = PBXBuildFile; fileRef = C55F33761A318D7C00EEE2E2 /* Images.xcassets */; };
		C55F33831A318D7C00EEE2E2 /* ChiShenMeTests.m in Sources */ = {isa = PBXBuildFile; fileRef = C55F33821A318D7C00EEE2E2 /* ChiShenMeTests.m */; };
		C57AC4811A66639C00383CF0 /* ShoppingListItem.m in Sources */ = {isa = PBXBuildFile; fileRef = C57AC4801A66639C00383CF0 /* ShoppingListItem.m */; };
		C595940D1A4BE390000B6DF3 /* Strings.m in Sources */ = {isa = PBXBuildFile; fileRef = C595940C1A4BE390000B6DF3 /* Strings.m */; };
		C59594101A4BE51E000B6DF3 /* Times.m in Sources */ = {isa = PBXBuildFile; fileRef = C595940F1A4BE51E000B6DF3 /* Times.m */; };
		C59594131A4BEE92000B6DF3 /* Notifications.m in Sources */ = {isa = PBXBuildFile; fileRef = C59594121A4BEE92000B6DF3 /* Notifications.m */; };
		C59594191A4BEFE3000B6DF3 /* Networks.m in Sources */ = {isa = PBXBuildFile; fileRef = C59594181A4BEFE3000B6DF3 /* Networks.m */; };
		C59594271A4BF382000B6DF3 /* Encryption.m in Sources */ = {isa = PBXBuildFile; fileRef = C59594201A4BF382000B6DF3 /* Encryption.m */; };
		C59594281A4BF382000B6DF3 /* ExtendNSLogFunctionality.m in Sources */ = {isa = PBXBuildFile; fileRef = C59594221A4BF382000B6DF3 /* ExtendNSLogFunctionality.m */; };
		C59594291A4BF382000B6DF3 /* Reachability.m in Sources */ = {isa = PBXBuildFile; fileRef = C59594241A4BF382000B6DF3 /* Reachability.m */; };
		C595942A1A4BF382000B6DF3 /* UIView+Toast.m in Sources */ = {isa = PBXBuildFile; fileRef = C59594261A4BF382000B6DF3 /* UIView+Toast.m */; };
		C595942E1A5105ED000B6DF3 /* SignUpViewController.m in Sources */ = {isa = PBXBuildFile; fileRef = C595942D1A5105ED000B6DF3 /* SignUpViewController.m */; };
		C59DB2FD1A6F801300C9040E /* refactor.txt in Resources */ = {isa = PBXBuildFile; fileRef = C59DB2FC1A6F801300C9040E /* refactor.txt */; };
		C5B09B031A7B497000759049 /* ShoppingListViewController.m in Sources */ = {isa = PBXBuildFile; fileRef = C5B09B021A7B497000759049 /* ShoppingListViewController.m */; };
		C5B09B061A7B4DF100759049 /* ShoppingListItemTableViewCell.m in Sources */ = {isa = PBXBuildFile; fileRef = C5B09B051A7B4DF100759049 /* ShoppingListItemTableViewCell.m */; };
		C5C9C3B31A4A8AF6003522D0 /* LoginViewController.m in Sources */ = {isa = PBXBuildFile; fileRef = C5C9C3B21A4A8AF6003522D0 /* LoginViewController.m */; };
		C5C9C3B71A4A8CB0003522D0 /* ChishenmeFetcher.m in Sources */ = {isa = PBXBuildFile; fileRef = C5C9C3B61A4A8CB0003522D0 /* ChishenmeFetcher.m */; };
		C5C9C3B91A4AA832003522D0 /* PodFile in Resources */ = {isa = PBXBuildFile; fileRef = C5C9C3B81A4AA832003522D0 /* PodFile */; };
/* End PBXBuildFile section */

/* Begin PBXContainerItemProxy section */
		C55F337D1A318D7C00EEE2E2 /* PBXContainerItemProxy */ = {
			isa = PBXContainerItemProxy;
			containerPortal = C55F335B1A318D7C00EEE2E2 /* Project object */;
			proxyType = 1;
			remoteGlobalIDString = C55F33621A318D7C00EEE2E2;
			remoteInfo = ChiShenMe;
		};
/* End PBXContainerItemProxy section */

/* Begin PBXFileReference section */
		4214831C0247D0CD86190F8F /* libPods.a */ = {isa = PBXFileReference; explicitFileType = archive.ar; includeInIndex = 0; path = libPods.a; sourceTree = BUILT_PRODUCTS_DIR; };
		5DB3A890E39B6BE20A74D66C /* Pods.release.xcconfig */ = {isa = PBXFileReference; includeInIndex = 1; lastKnownFileType = text.xcconfig; name = Pods.release.xcconfig; path = "Pods/Target Support Files/Pods/Pods.release.xcconfig"; sourceTree = "<group>"; };
		804250A20B3EC86E949C41AA /* Pods.debug.xcconfig */ = {isa = PBXFileReference; includeInIndex = 1; lastKnownFileType = text.xcconfig; name = Pods.debug.xcconfig; path = "Pods/Target Support Files/Pods/Pods.debug.xcconfig"; sourceTree = "<group>"; };
		C526D7131A7734950029940C /* Numbers.h */ = {isa = PBXFileReference; fileEncoding = 4; lastKnownFileType = sourcecode.c.h; path = Numbers.h; sourceTree = "<group>"; };
		C526D7141A7734950029940C /* Numbers.m */ = {isa = PBXFileReference; fileEncoding = 4; lastKnownFileType = sourcecode.c.objc; path = Numbers.m; sourceTree = "<group>"; };
		C540B3A81A7B6C3000A568DE /* ShoppingListTableView.h */ = {isa = PBXFileReference; fileEncoding = 4; lastKnownFileType = sourcecode.c.h; path = ShoppingListTableView.h; sourceTree = "<group>"; };
		C540B3A91A7B6C3000A568DE /* ShoppingListTableView.m */ = {isa = PBXFileReference; fileEncoding = 4; lastKnownFileType = sourcecode.c.objc; path = ShoppingListTableView.m; sourceTree = "<group>"; };
		C540B3AB1A7B6CB600A568DE /* ShoppingListItemTableViewDataSource.h */ = {isa = PBXFileReference; fileEncoding = 4; lastKnownFileType = sourcecode.c.h; path = ShoppingListItemTableViewDataSource.h; sourceTree = "<group>"; };
		C540B3AE1A7F691200A568DE /* ShoppingListTableViewDragAddNew.h */ = {isa = PBXFileReference; fileEncoding = 4; lastKnownFileType = sourcecode.c.h; path = ShoppingListTableViewDragAddNew.h; sourceTree = "<group>"; };
		C540B3AF1A7F691200A568DE /* ShoppingListTableViewDragAddNew.m */ = {isa = PBXFileReference; fileEncoding = 4; lastKnownFileType = sourcecode.c.objc; path = ShoppingListTableViewDragAddNew.m; sourceTree = "<group>"; };
		C540B3B11A80775400A568DE /* ShoppingListTableViewPinchToAdd.h */ = {isa = PBXFileReference; fileEncoding = 4; lastKnownFileType = sourcecode.c.h; path = ShoppingListTableViewPinchToAdd.h; sourceTree = "<group>"; };
		C540B3B21A80775400A568DE /* ShoppingListTableViewPinchToAdd.m */ = {isa = PBXFileReference; fileEncoding = 4; lastKnownFileType = sourcecode.c.objc; path = ShoppingListTableViewPinchToAdd.m; sourceTree = "<group>"; };
		C55F33631A318D7C00EEE2E2 /* ChiShenMe.app */ = {isa = PBXFileReference; explicitFileType = wrapper.application; includeInIndex = 0; path = ChiShenMe.app; sourceTree = BUILT_PRODUCTS_DIR; };
		C55F33671A318D7C00EEE2E2 /* Info.plist */ = {isa = PBXFileReference; lastKnownFileType = text.plist.xml; path = Info.plist; sourceTree = "<group>"; };
		C55F33681A318D7C00EEE2E2 /* main.m */ = {isa = PBXFileReference; lastKnownFileType = sourcecode.c.objc; path = main.m; sourceTree = "<group>"; };
		C55F336A1A318D7C00EEE2E2 /* AppDelegate.h */ = {isa = PBXFileReference; lastKnownFileType = sourcecode.c.h; path = AppDelegate.h; sourceTree = "<group>"; };
		C55F336B1A318D7C00EEE2E2 /* AppDelegate.m */ = {isa = PBXFileReference; lastKnownFileType = sourcecode.c.objc; path = AppDelegate.m; sourceTree = "<group>"; };
		C55F336E1A318D7C00EEE2E2 /* ChiShenMe.xcdatamodel */ = {isa = PBXFileReference; lastKnownFileType = wrapper.xcdatamodel; path = ChiShenMe.xcdatamodel; sourceTree = "<group>"; };
		C55F33701A318D7C00EEE2E2 /* ViewController.h */ = {isa = PBXFileReference; lastKnownFileType = sourcecode.c.h; path = ViewController.h; sourceTree = "<group>"; };
		C55F33711A318D7C00EEE2E2 /* ViewController.m */ = {isa = PBXFileReference; lastKnownFileType = sourcecode.c.objc; path = ViewController.m; sourceTree = "<group>"; };
		C55F33741A318D7C00EEE2E2 /* Base */ = {isa = PBXFileReference; lastKnownFileType = file.storyboard; name = Base; path = Base.lproj/Main.storyboard; sourceTree = "<group>"; };
		C55F33761A318D7C00EEE2E2 /* Images.xcassets */ = {isa = PBXFileReference; lastKnownFileType = folder.assetcatalog; path = Images.xcassets; sourceTree = "<group>"; };
		C55F337C1A318D7C00EEE2E2 /* ChiShenMeTests.xctest */ = {isa = PBXFileReference; explicitFileType = wrapper.cfbundle; includeInIndex = 0; path = ChiShenMeTests.xctest; sourceTree = BUILT_PRODUCTS_DIR; };
		C55F33811A318D7C00EEE2E2 /* Info.plist */ = {isa = PBXFileReference; lastKnownFileType = text.plist.xml; path = Info.plist; sourceTree = "<group>"; };
		C55F33821A318D7C00EEE2E2 /* ChiShenMeTests.m */ = {isa = PBXFileReference; lastKnownFileType = sourcecode.c.objc; path = ChiShenMeTests.m; sourceTree = "<group>"; };
		C57AC47F1A66639C00383CF0 /* ShoppingListItem.h */ = {isa = PBXFileReference; fileEncoding = 4; lastKnownFileType = sourcecode.c.h; path = ShoppingListItem.h; sourceTree = "<group>"; };
		C57AC4801A66639C00383CF0 /* ShoppingListItem.m */ = {isa = PBXFileReference; fileEncoding = 4; lastKnownFileType = sourcecode.c.objc; path = ShoppingListItem.m; sourceTree = "<group>"; };
		C595940B1A4BE390000B6DF3 /* Strings.h */ = {isa = PBXFileReference; fileEncoding = 4; lastKnownFileType = sourcecode.c.h; name = Strings.h; path = Utils/Strings.h; sourceTree = "<group>"; };
		C595940C1A4BE390000B6DF3 /* Strings.m */ = {isa = PBXFileReference; fileEncoding = 4; lastKnownFileType = sourcecode.c.objc; name = Strings.m; path = Utils/Strings.m; sourceTree = "<group>"; };
		C595940E1A4BE51E000B6DF3 /* Times.h */ = {isa = PBXFileReference; fileEncoding = 4; lastKnownFileType = sourcecode.c.h; name = Times.h; path = Utils/Times.h; sourceTree = "<group>"; };
		C595940F1A4BE51E000B6DF3 /* Times.m */ = {isa = PBXFileReference; fileEncoding = 4; lastKnownFileType = sourcecode.c.objc; name = Times.m; path = Utils/Times.m; sourceTree = "<group>"; };
		C59594111A4BEE92000B6DF3 /* Notifications.h */ = {isa = PBXFileReference; fileEncoding = 4; lastKnownFileType = sourcecode.c.h; name = Notifications.h; path = Utils/Notifications.h; sourceTree = "<group>"; };
		C59594121A4BEE92000B6DF3 /* Notifications.m */ = {isa = PBXFileReference; fileEncoding = 4; lastKnownFileType = sourcecode.c.objc; name = Notifications.m; path = Utils/Notifications.m; sourceTree = "<group>"; };
		C59594171A4BEFE3000B6DF3 /* Networks.h */ = {isa = PBXFileReference; fileEncoding = 4; lastKnownFileType = sourcecode.c.h; name = Networks.h; path = Utils/Networks.h; sourceTree = "<group>"; };
		C59594181A4BEFE3000B6DF3 /* Networks.m */ = {isa = PBXFileReference; fileEncoding = 4; lastKnownFileType = sourcecode.c.objc; name = Networks.m; path = Utils/Networks.m; sourceTree = "<group>"; };
		C595941F1A4BF382000B6DF3 /* Encryption.h */ = {isa = PBXFileReference; fileEncoding = 4; lastKnownFileType = sourcecode.c.h; name = Encryption.h; path = Utils/Encryption.h; sourceTree = "<group>"; };
		C59594201A4BF382000B6DF3 /* Encryption.m */ = {isa = PBXFileReference; fileEncoding = 4; lastKnownFileType = sourcecode.c.objc; name = Encryption.m; path = Utils/Encryption.m; sourceTree = "<group>"; };
		C59594211A4BF382000B6DF3 /* ExtendNSLogFunctionality.h */ = {isa = PBXFileReference; fileEncoding = 4; lastKnownFileType = sourcecode.c.h; name = ExtendNSLogFunctionality.h; path = Utils/ExtendNSLogFunctionality.h; sourceTree = "<group>"; };
		C59594221A4BF382000B6DF3 /* ExtendNSLogFunctionality.m */ = {isa = PBXFileReference; fileEncoding = 4; lastKnownFileType = sourcecode.c.objc; name = ExtendNSLogFunctionality.m; path = Utils/ExtendNSLogFunctionality.m; sourceTree = "<group>"; };
		C59594231A4BF382000B6DF3 /* Reachability.h */ = {isa = PBXFileReference; fileEncoding = 4; lastKnownFileType = sourcecode.c.h; name = Reachability.h; path = Utils/Reachability.h; sourceTree = "<group>"; };
		C59594241A4BF382000B6DF3 /* Reachability.m */ = {isa = PBXFileReference; fileEncoding = 4; lastKnownFileType = sourcecode.c.objc; name = Reachability.m; path = Utils/Reachability.m; sourceTree = "<group>"; };
		C59594251A4BF382000B6DF3 /* UIView+Toast.h */ = {isa = PBXFileReference; fileEncoding = 4; lastKnownFileType = sourcecode.c.h; name = "UIView+Toast.h"; path = "Utils/UIView+Toast.h"; sourceTree = "<group>"; };
		C59594261A4BF382000B6DF3 /* UIView+Toast.m */ = {isa = PBXFileReference; fileEncoding = 4; lastKnownFileType = sourcecode.c.objc; name = "UIView+Toast.m"; path = "Utils/UIView+Toast.m"; sourceTree = "<group>"; };
		C595942B1A4BF8CA000B6DF3 /* Config.h */ = {isa = PBXFileReference; lastKnownFileType = sourcecode.c.h; path = Config.h; sourceTree = "<group>"; };
		C595942C1A5105ED000B6DF3 /* SignUpViewController.h */ = {isa = PBXFileReference; fileEncoding = 4; lastKnownFileType = sourcecode.c.h; path = SignUpViewController.h; sourceTree = "<group>"; };
		C595942D1A5105ED000B6DF3 /* SignUpViewController.m */ = {isa = PBXFileReference; fileEncoding = 4; lastKnownFileType = sourcecode.c.objc; path = SignUpViewController.m; sourceTree = "<group>"; };
		C59DB2FC1A6F801300C9040E /* refactor.txt */ = {isa = PBXFileReference; fileEncoding = 4; lastKnownFileType = text; path = refactor.txt; sourceTree = "<group>"; };
		C5B09B011A7B497000759049 /* ShoppingListViewController.h */ = {isa = PBXFileReference; fileEncoding = 4; lastKnownFileType = sourcecode.c.h; path = ShoppingListViewController.h; sourceTree = "<group>"; };
		C5B09B021A7B497000759049 /* ShoppingListViewController.m */ = {isa = PBXFileReference; fileEncoding = 4; lastKnownFileType = sourcecode.c.objc; path = ShoppingListViewController.m; sourceTree = "<group>"; };
		C5B09B041A7B4DF100759049 /* ShoppingListItemTableViewCell.h */ = {isa = PBXFileReference; fileEncoding = 4; lastKnownFileType = sourcecode.c.h; path = ShoppingListItemTableViewCell.h; sourceTree = "<group>"; };
		C5B09B051A7B4DF100759049 /* ShoppingListItemTableViewCell.m */ = {isa = PBXFileReference; fileEncoding = 4; lastKnownFileType = sourcecode.c.objc; path = ShoppingListItemTableViewCell.m; sourceTree = "<group>"; };
		C5B09B071A7B54F600759049 /* ShoppingListItemTableViewCellDelegate.h */ = {isa = PBXFileReference; fileEncoding = 4; lastKnownFileType = sourcecode.c.h; path = ShoppingListItemTableViewCellDelegate.h; sourceTree = "<group>"; };
		C5C9C3B11A4A8AF6003522D0 /* LoginViewController.h */ = {isa = PBXFileReference; fileEncoding = 4; lastKnownFileType = sourcecode.c.h; path = LoginViewController.h; sourceTree = "<group>"; };
		C5C9C3B21A4A8AF6003522D0 /* LoginViewController.m */ = {isa = PBXFileReference; fileEncoding = 4; lastKnownFileType = sourcecode.c.objc; path = LoginViewController.m; sourceTree = "<group>"; };
		C5C9C3B51A4A8CB0003522D0 /* ChishenmeFetcher.h */ = {isa = PBXFileReference; fileEncoding = 4; lastKnownFileType = sourcecode.c.h; name = ChishenmeFetcher.h; path = ChishenmeFetcher/ChishenmeFetcher.h; sourceTree = "<group>"; };
		C5C9C3B61A4A8CB0003522D0 /* ChishenmeFetcher.m */ = {isa = PBXFileReference; fileEncoding = 4; lastKnownFileType = sourcecode.c.objc; name = ChishenmeFetcher.m; path = ChishenmeFetcher/ChishenmeFetcher.m; sourceTree = "<group>"; };
		C5C9C3B81A4AA832003522D0 /* PodFile */ = {isa = PBXFileReference; fileEncoding = 4; lastKnownFileType = text; path = PodFile; sourceTree = "<group>"; };
		C5C9C3C81A4ABB36003522D0 /* Chishenme-Prefix.pch */ = {isa = PBXFileReference; lastKnownFileType = sourcecode.c.h; path = "Chishenme-Prefix.pch"; sourceTree = "<group>"; };
/* End PBXFileReference section */

/* Begin PBXFrameworksBuildPhase section */
		C55F33601A318D7C00EEE2E2 /* Frameworks */ = {
			isa = PBXFrameworksBuildPhase;
			buildActionMask = 2147483647;
			files = (
				1EE01062D7C22F645617016B /* libPods.a in Frameworks */,
			);
			runOnlyForDeploymentPostprocessing = 0;
		};
		C55F33791A318D7C00EEE2E2 /* Frameworks */ = {
			isa = PBXFrameworksBuildPhase;
			buildActionMask = 2147483647;
			files = (
			);
			runOnlyForDeploymentPostprocessing = 0;
		};
/* End PBXFrameworksBuildPhase section */

/* Begin PBXGroup section */
		89D9983EEFB4CA1F433E3D1D /* Pods */ = {
			isa = PBXGroup;
			children = (
				804250A20B3EC86E949C41AA /* Pods.debug.xcconfig */,
				5DB3A890E39B6BE20A74D66C /* Pods.release.xcconfig */,
			);
			name = Pods;
			sourceTree = "<group>";
		};
		C55F335A1A318D7C00EEE2E2 = {
			isa = PBXGroup;
			children = (
				C59DB2FC1A6F801300C9040E /* refactor.txt */,
				C5C9C3C81A4ABB36003522D0 /* Chishenme-Prefix.pch */,
				C55F33731A318D7C00EEE2E2 /* Main.storyboard */,
				C5C9C3B81A4AA832003522D0 /* PodFile */,
				C55F33651A318D7C00EEE2E2 /* ChiShenMe */,
				C55F337F1A318D7C00EEE2E2 /* ChiShenMeTests */,
				C55F33641A318D7C00EEE2E2 /* Products */,
				89D9983EEFB4CA1F433E3D1D /* Pods */,
				EF8A0114A675022BB14F7312 /* Frameworks */,
			);
			sourceTree = "<group>";
		};
		C55F33641A318D7C00EEE2E2 /* Products */ = {
			isa = PBXGroup;
			children = (
				C55F33631A318D7C00EEE2E2 /* ChiShenMe.app */,
				C55F337C1A318D7C00EEE2E2 /* ChiShenMeTests.xctest */,
			);
			name = Products;
			sourceTree = "<group>";
		};
		C55F33651A318D7C00EEE2E2 /* ChiShenMe */ = {
			isa = PBXGroup;
			children = (
				C595941D1A4BF1BB000B6DF3 /* Controllers */,
				C5C9C3C91A4B9FEA003522D0 /* Utils */,
				C5C9C3B41A4A8C77003522D0 /* ChishenmeFetcher */,
				C55F33701A318D7C00EEE2E2 /* ViewController.h */,
				C55F33711A318D7C00EEE2E2 /* ViewController.m */,
				C55F33761A318D7C00EEE2E2 /* Images.xcassets */,
				C55F336D1A318D7C00EEE2E2 /* ChiShenMe.xcdatamodeld */,
				C55F33661A318D7C00EEE2E2 /* Supporting Files */,
			);
			path = ChiShenMe;
			sourceTree = "<group>";
		};
		C55F33661A318D7C00EEE2E2 /* Supporting Files */ = {
			isa = PBXGroup;
			children = (
				C55F336A1A318D7C00EEE2E2 /* AppDelegate.h */,
				C55F336B1A318D7C00EEE2E2 /* AppDelegate.m */,
				C55F33671A318D7C00EEE2E2 /* Info.plist */,
				C55F33681A318D7C00EEE2E2 /* main.m */,
			);
			name = "Supporting Files";
			sourceTree = "<group>";
		};
		C55F337F1A318D7C00EEE2E2 /* ChiShenMeTests */ = {
			isa = PBXGroup;
			children = (
				C55F33821A318D7C00EEE2E2 /* ChiShenMeTests.m */,
				C55F33801A318D7C00EEE2E2 /* Supporting Files */,
			);
			path = ChiShenMeTests;
			sourceTree = "<group>";
		};
		C55F33801A318D7C00EEE2E2 /* Supporting Files */ = {
			isa = PBXGroup;
			children = (
				C55F33811A318D7C00EEE2E2 /* Info.plist */,
			);
			name = "Supporting Files";
			sourceTree = "<group>";
		};
		C57AC47B1A663DC800383CF0 /* ShoppingList */ = {
			isa = PBXGroup;
			children = (
				C57AC47F1A66639C00383CF0 /* ShoppingListItem.h */,
				C57AC4801A66639C00383CF0 /* ShoppingListItem.m */,
				C5B09B011A7B497000759049 /* ShoppingListViewController.h */,
				C5B09B021A7B497000759049 /* ShoppingListViewController.m */,
				C5B09B041A7B4DF100759049 /* ShoppingListItemTableViewCell.h */,
				C5B09B051A7B4DF100759049 /* ShoppingListItemTableViewCell.m */,
				C540B3A81A7B6C3000A568DE /* ShoppingListTableView.h */,
				C540B3A91A7B6C3000A568DE /* ShoppingListTableView.m */,
				C540B3AE1A7F691200A568DE /* ShoppingListTableViewDragAddNew.h */,
				C540B3AF1A7F691200A568DE /* ShoppingListTableViewDragAddNew.m */,
				C540B3B11A80775400A568DE /* ShoppingListTableViewPinchToAdd.h */,
				C540B3B21A80775400A568DE /* ShoppingListTableViewPinchToAdd.m */,
				C5B09B071A7B54F600759049 /* ShoppingListItemTableViewCellDelegate.h */,
				C540B3AB1A7B6CB600A568DE /* ShoppingListItemTableViewDataSource.h */,
			);
			name = ShoppingList;
			sourceTree = "<group>";
		};
		C595941D1A4BF1BB000B6DF3 /* Controllers */ = {
			isa = PBXGroup;
			children = (
				C57AC47B1A663DC800383CF0 /* ShoppingList */,
				C595941E1A4BF1E6000B6DF3 /* Account&Management */,
			);
			name = Controllers;
			sourceTree = "<group>";
		};
		C595941E1A4BF1E6000B6DF3 /* Account&Management */ = {
			isa = PBXGroup;
			children = (
				C5C9C3B11A4A8AF6003522D0 /* LoginViewController.h */,
				C5C9C3B21A4A8AF6003522D0 /* LoginViewController.m */,
				C595942C1A5105ED000B6DF3 /* SignUpViewController.h */,
				C595942D1A5105ED000B6DF3 /* SignUpViewController.m */,
			);
			name = "Account&Management";
			sourceTree = "<group>";
		};
		C5C9C3B41A4A8C77003522D0 /* ChishenmeFetcher */ = {
			isa = PBXGroup;
			children = (
				C5C9C3B51A4A8CB0003522D0 /* ChishenmeFetcher.h */,
				C5C9C3B61A4A8CB0003522D0 /* ChishenmeFetcher.m */,
			);
			name = ChishenmeFetcher;
			sourceTree = "<group>";
		};
		C5C9C3C91A4B9FEA003522D0 /* Utils */ = {
			isa = PBXGroup;
			children = (
				C595941F1A4BF382000B6DF3 /* Encryption.h */,
				C59594201A4BF382000B6DF3 /* Encryption.m */,
				C59594211A4BF382000B6DF3 /* ExtendNSLogFunctionality.h */,
				C59594221A4BF382000B6DF3 /* ExtendNSLogFunctionality.m */,
				C59594231A4BF382000B6DF3 /* Reachability.h */,
				C59594241A4BF382000B6DF3 /* Reachability.m */,
				C59594251A4BF382000B6DF3 /* UIView+Toast.h */,
				C59594261A4BF382000B6DF3 /* UIView+Toast.m */,
				C595940B1A4BE390000B6DF3 /* Strings.h */,
				C595940C1A4BE390000B6DF3 /* Strings.m */,
				C595940E1A4BE51E000B6DF3 /* Times.h */,
				C595940F1A4BE51E000B6DF3 /* Times.m */,
				C59594111A4BEE92000B6DF3 /* Notifications.h */,
				C59594121A4BEE92000B6DF3 /* Notifications.m */,
				C59594171A4BEFE3000B6DF3 /* Networks.h */,
				C59594181A4BEFE3000B6DF3 /* Networks.m */,
				C595942B1A4BF8CA000B6DF3 /* Config.h */,
				C526D7131A7734950029940C /* Numbers.h */,
				C526D7141A7734950029940C /* Numbers.m */,
			);
			name = Utils;
			sourceTree = "<group>";
		};
		EF8A0114A675022BB14F7312 /* Frameworks */ = {
			isa = PBXGroup;
			children = (
				4214831C0247D0CD86190F8F /* libPods.a */,
			);
			name = Frameworks;
			sourceTree = "<group>";
		};
/* End PBXGroup section */

/* Begin PBXNativeTarget section */
		C55F33621A318D7C00EEE2E2 /* ChiShenMe */ = {
			isa = PBXNativeTarget;
			buildConfigurationList = C55F33861A318D7C00EEE2E2 /* Build configuration list for PBXNativeTarget "ChiShenMe" */;
			buildPhases = (
				630122A879404545333B46E8 /* Check Pods Manifest.lock */,
				C55F335F1A318D7C00EEE2E2 /* Sources */,
				C55F33601A318D7C00EEE2E2 /* Frameworks */,
				C55F33611A318D7C00EEE2E2 /* Resources */,
				8836EA91D254AE3FCB0EDEC4 /* Copy Pods Resources */,
			);
			buildRules = (
			);
			dependencies = (
			);
			name = ChiShenMe;
			productName = ChiShenMe;
			productReference = C55F33631A318D7C00EEE2E2 /* ChiShenMe.app */;
			productType = "com.apple.product-type.application";
		};
		C55F337B1A318D7C00EEE2E2 /* ChiShenMeTests */ = {
			isa = PBXNativeTarget;
			buildConfigurationList = C55F33891A318D7C00EEE2E2 /* Build configuration list for PBXNativeTarget "ChiShenMeTests" */;
			buildPhases = (
				C55F33781A318D7C00EEE2E2 /* Sources */,
				C55F33791A318D7C00EEE2E2 /* Frameworks */,
				C55F337A1A318D7C00EEE2E2 /* Resources */,
			);
			buildRules = (
			);
			dependencies = (
				C55F337E1A318D7C00EEE2E2 /* PBXTargetDependency */,
			);
			name = ChiShenMeTests;
			productName = ChiShenMeTests;
			productReference = C55F337C1A318D7C00EEE2E2 /* ChiShenMeTests.xctest */;
			productType = "com.apple.product-type.bundle.unit-test";
		};
/* End PBXNativeTarget section */

/* Begin PBXProject section */
		C55F335B1A318D7C00EEE2E2 /* Project object */ = {
			isa = PBXProject;
			attributes = {
				LastUpgradeCheck = 0600;
				ORGANIZATIONNAME = "Nathan CHEN";
				TargetAttributes = {
					C55F33621A318D7C00EEE2E2 = {
						CreatedOnToolsVersion = 6.0;
						DevelopmentTeam = 49W6M76X2M;
					};
					C55F337B1A318D7C00EEE2E2 = {
						CreatedOnToolsVersion = 6.0;
						TestTargetID = C55F33621A318D7C00EEE2E2;
					};
				};
			};
			buildConfigurationList = C55F335E1A318D7C00EEE2E2 /* Build configuration list for PBXProject "ChiShenMe" */;
			compatibilityVersion = "Xcode 3.2";
			developmentRegion = English;
			hasScannedForEncodings = 0;
			knownRegions = (
				en,
				Base,
			);
			mainGroup = C55F335A1A318D7C00EEE2E2;
			productRefGroup = C55F33641A318D7C00EEE2E2 /* Products */;
			projectDirPath = "";
			projectRoot = "";
			targets = (
				C55F33621A318D7C00EEE2E2 /* ChiShenMe */,
				C55F337B1A318D7C00EEE2E2 /* ChiShenMeTests */,
			);
		};
/* End PBXProject section */

/* Begin PBXResourcesBuildPhase section */
		C55F33611A318D7C00EEE2E2 /* Resources */ = {
			isa = PBXResourcesBuildPhase;
			buildActionMask = 2147483647;
			files = (
				C59DB2FD1A6F801300C9040E /* refactor.txt in Resources */,
				C5C9C3B91A4AA832003522D0 /* PodFile in Resources */,
				C55F33751A318D7C00EEE2E2 /* Main.storyboard in Resources */,
				C55F33771A318D7C00EEE2E2 /* Images.xcassets in Resources */,
			);
			runOnlyForDeploymentPostprocessing = 0;
		};
		C55F337A1A318D7C00EEE2E2 /* Resources */ = {
			isa = PBXResourcesBuildPhase;
			buildActionMask = 2147483647;
			files = (
			);
			runOnlyForDeploymentPostprocessing = 0;
		};
/* End PBXResourcesBuildPhase section */

/* Begin PBXShellScriptBuildPhase section */
		630122A879404545333B46E8 /* Check Pods Manifest.lock */ = {
			isa = PBXShellScriptBuildPhase;
			buildActionMask = 2147483647;
			files = (
			);
			inputPaths = (
			);
			name = "Check Pods Manifest.lock";
			outputPaths = (
			);
			runOnlyForDeploymentPostprocessing = 0;
			shellPath = /bin/sh;
			shellScript = "diff \"${PODS_ROOT}/../Podfile.lock\" \"${PODS_ROOT}/Manifest.lock\" > /dev/null\nif [[ $? != 0 ]] ; then\n    cat << EOM\nerror: The sandbox is not in sync with the Podfile.lock. Run 'pod install' or update your CocoaPods installation.\nEOM\n    exit 1\nfi\n";
			showEnvVarsInLog = 0;
		};
		8836EA91D254AE3FCB0EDEC4 /* Copy Pods Resources */ = {
			isa = PBXShellScriptBuildPhase;
			buildActionMask = 2147483647;
			files = (
			);
			inputPaths = (
			);
			name = "Copy Pods Resources";
			outputPaths = (
			);
			runOnlyForDeploymentPostprocessing = 0;
			shellPath = /bin/sh;
			shellScript = "\"${SRCROOT}/Pods/Target Support Files/Pods/Pods-resources.sh\"\n";
			showEnvVarsInLog = 0;
		};
/* End PBXShellScriptBuildPhase section */

/* Begin PBXSourcesBuildPhase section */
		C55F335F1A318D7C00EEE2E2 /* Sources */ = {
			isa = PBXSourcesBuildPhase;
			buildActionMask = 2147483647;
			files = (
				C5B09B031A7B497000759049 /* ShoppingListViewController.m in Sources */,
				C59594291A4BF382000B6DF3 /* Reachability.m in Sources */,
				C55F336C1A318D7C00EEE2E2 /* AppDelegate.m in Sources */,
				C55F33691A318D7C00EEE2E2 /* main.m in Sources */,
				C55F33721A318D7C00EEE2E2 /* ViewController.m in Sources */,
				C540B3B01A7F691200A568DE /* ShoppingListTableViewDragAddNew.m in Sources */,
				C540B3AA1A7B6C3000A568DE /* ShoppingListTableView.m in Sources */,
				C595942A1A4BF382000B6DF3 /* UIView+Toast.m in Sources */,
				C55F336F1A318D7C00EEE2E2 /* ChiShenMe.xcdatamodeld in Sources */,
				C5B09B061A7B4DF100759049 /* ShoppingListItemTableViewCell.m in Sources */,
				C5C9C3B71A4A8CB0003522D0 /* ChishenmeFetcher.m in Sources */,
				C59594281A4BF382000B6DF3 /* ExtendNSLogFunctionality.m in Sources */,
				C59594131A4BEE92000B6DF3 /* Notifications.m in Sources */,
				C540B3B31A80775400A568DE /* ShoppingListTableViewPinchToAdd.m in Sources */,
				C59594101A4BE51E000B6DF3 /* Times.m in Sources */,
				C526D7151A7734950029940C /* Numbers.m in Sources */,
				C5C9C3B31A4A8AF6003522D0 /* LoginViewController.m in Sources */,
				C595942E1A5105ED000B6DF3 /* SignUpViewController.m in Sources */,
				C57AC4811A66639C00383CF0 /* ShoppingListItem.m in Sources */,
				C59594271A4BF382000B6DF3 /* Encryption.m in Sources */,
				C59594191A4BEFE3000B6DF3 /* Networks.m in Sources */,
				C595940D1A4BE390000B6DF3 /* Strings.m in Sources */,
			);
			runOnlyForDeploymentPostprocessing = 0;
		};
		C55F33781A318D7C00EEE2E2 /* Sources */ = {
			isa = PBXSourcesBuildPhase;
			buildActionMask = 2147483647;
			files = (
				C55F33831A318D7C00EEE2E2 /* ChiShenMeTests.m in Sources */,
			);
			runOnlyForDeploymentPostprocessing = 0;
		};
/* End PBXSourcesBuildPhase section */

/* Begin PBXTargetDependency section */
		C55F337E1A318D7C00EEE2E2 /* PBXTargetDependency */ = {
			isa = PBXTargetDependency;
			target = C55F33621A318D7C00EEE2E2 /* ChiShenMe */;
			targetProxy = C55F337D1A318D7C00EEE2E2 /* PBXContainerItemProxy */;
		};
/* End PBXTargetDependency section */

/* Begin PBXVariantGroup section */
		C55F33731A318D7C00EEE2E2 /* Main.storyboard */ = {
			isa = PBXVariantGroup;
			children = (
				C55F33741A318D7C00EEE2E2 /* Base */,
			);
			name = Main.storyboard;
			path = ChiShenMe;
			sourceTree = "<group>";
		};
/* End PBXVariantGroup section */

/* Begin XCBuildConfiguration section */
		C55F33841A318D7C00EEE2E2 /* Debug */ = {
			isa = XCBuildConfiguration;
			buildSettings = {
				ALWAYS_SEARCH_USER_PATHS = NO;
				CLANG_CXX_LANGUAGE_STANDARD = "gnu++0x";
				CLANG_CXX_LIBRARY = "libc++";
				CLANG_ENABLE_MODULES = YES;
				CLANG_ENABLE_OBJC_ARC = YES;
				CLANG_WARN_BOOL_CONVERSION = YES;
				CLANG_WARN_CONSTANT_CONVERSION = YES;
				CLANG_WARN_DIRECT_OBJC_ISA_USAGE = YES_ERROR;
				CLANG_WARN_EMPTY_BODY = YES;
				CLANG_WARN_ENUM_CONVERSION = YES;
				CLANG_WARN_INT_CONVERSION = YES;
				CLANG_WARN_OBJC_ROOT_CLASS = YES_ERROR;
				CLANG_WARN_UNREACHABLE_CODE = YES;
				CLANG_WARN__DUPLICATE_METHOD_MATCH = YES;
				"CODE_SIGN_IDENTITY[sdk=iphoneos*]" = "iPhone Developer";
				COPY_PHASE_STRIP = NO;
				ENABLE_STRICT_OBJC_MSGSEND = YES;
				GCC_C_LANGUAGE_STANDARD = gnu99;
				GCC_DYNAMIC_NO_PIC = NO;
				GCC_OPTIMIZATION_LEVEL = 0;
				GCC_PREPROCESSOR_DEFINITIONS = (
					"DEBUG=1",
					"$(inherited)",
				);
				GCC_SYMBOLS_PRIVATE_EXTERN = NO;
				GCC_WARN_64_TO_32_BIT_CONVERSION = YES;
				GCC_WARN_ABOUT_RETURN_TYPE = YES_ERROR;
				GCC_WARN_UNDECLARED_SELECTOR = YES;
				GCC_WARN_UNINITIALIZED_AUTOS = YES_AGGRESSIVE;
				GCC_WARN_UNUSED_FUNCTION = YES;
				GCC_WARN_UNUSED_VARIABLE = YES;
				IPHONEOS_DEPLOYMENT_TARGET = 8.0;
				METAL_ENABLE_DEBUG_INFO = YES;
				ONLY_ACTIVE_ARCH = YES;
				SDKROOT = iphoneos;
			};
			name = Debug;
		};
		C55F33851A318D7C00EEE2E2 /* Release */ = {
			isa = XCBuildConfiguration;
			buildSettings = {
				ALWAYS_SEARCH_USER_PATHS = NO;
				CLANG_CXX_LANGUAGE_STANDARD = "gnu++0x";
				CLANG_CXX_LIBRARY = "libc++";
				CLANG_ENABLE_MODULES = YES;
				CLANG_ENABLE_OBJC_ARC = YES;
				CLANG_WARN_BOOL_CONVERSION = YES;
				CLANG_WARN_CONSTANT_CONVERSION = YES;
				CLANG_WARN_DIRECT_OBJC_ISA_USAGE = YES_ERROR;
				CLANG_WARN_EMPTY_BODY = YES;
				CLANG_WARN_ENUM_CONVERSION = YES;
				CLANG_WARN_INT_CONVERSION = YES;
				CLANG_WARN_OBJC_ROOT_CLASS = YES_ERROR;
				CLANG_WARN_UNREACHABLE_CODE = YES;
				CLANG_WARN__DUPLICATE_METHOD_MATCH = YES;
				"CODE_SIGN_IDENTITY[sdk=iphoneos*]" = "iPhone Developer";
				COPY_PHASE_STRIP = YES;
				ENABLE_NS_ASSERTIONS = NO;
				ENABLE_STRICT_OBJC_MSGSEND = YES;
				GCC_C_LANGUAGE_STANDARD = gnu99;
				GCC_WARN_64_TO_32_BIT_CONVERSION = YES;
				GCC_WARN_ABOUT_RETURN_TYPE = YES_ERROR;
				GCC_WARN_UNDECLARED_SELECTOR = YES;
				GCC_WARN_UNINITIALIZED_AUTOS = YES_AGGRESSIVE;
				GCC_WARN_UNUSED_FUNCTION = YES;
				GCC_WARN_UNUSED_VARIABLE = YES;
				IPHONEOS_DEPLOYMENT_TARGET = 8.0;
				METAL_ENABLE_DEBUG_INFO = NO;
				SDKROOT = iphoneos;
				VALIDATE_PRODUCT = YES;
			};
			name = Release;
		};
		C55F33871A318D7C00EEE2E2 /* Debug */ = {
			isa = XCBuildConfiguration;
			baseConfigurationReference = 804250A20B3EC86E949C41AA /* Pods.debug.xcconfig */;
			buildSettings = {
				ASSETCATALOG_COMPILER_APPICON_NAME = AppIcon;
				ASSETCATALOG_COMPILER_LAUNCHIMAGE_NAME = LaunchImage;
				CODE_SIGN_IDENTITY = "iPhone Developer";
				"CODE_SIGN_IDENTITY[sdk=iphoneos*]" = "iPhone Developer";
				GCC_PREFIX_HEADER = "Chishenme-Prefix.pch";
				INFOPLIST_FILE = ChiShenMe/Info.plist;
				LD_RUNPATH_SEARCH_PATHS = "$(inherited) @executable_path/Frameworks";
				PRODUCT_NAME = "$(TARGET_NAME)";
				PROVISIONING_PROFILE = "";
			};
			name = Debug;
		};
		C55F33881A318D7C00EEE2E2 /* Release */ = {
			isa = XCBuildConfiguration;
			baseConfigurationReference = 5DB3A890E39B6BE20A74D66C /* Pods.release.xcconfig */;
			buildSettings = {
				ASSETCATALOG_COMPILER_APPICON_NAME = AppIcon;
				ASSETCATALOG_COMPILER_LAUNCHIMAGE_NAME = LaunchImage;
				CODE_SIGN_IDENTITY = "iPhone Developer";
				"CODE_SIGN_IDENTITY[sdk=iphoneos*]" = "iPhone Developer";
				GCC_PREFIX_HEADER = "Chishenme-Prefix.pch";
				INFOPLIST_FILE = ChiShenMe/Info.plist;
				LD_RUNPATH_SEARCH_PATHS = "$(inherited) @executable_path/Frameworks";
				PRODUCT_NAME = "$(TARGET_NAME)";
				PROVISIONING_PROFILE = "";
			};
			name = Release;
		};
		C55F338A1A318D7C00EEE2E2 /* Debug */ = {
			isa = XCBuildConfiguration;
			buildSettings = {
				BUNDLE_LOADER = "$(BUILT_PRODUCTS_DIR)/ChiShenMe.app/ChiShenMe";
				FRAMEWORK_SEARCH_PATHS = (
					"$(SDKROOT)/Developer/Library/Frameworks",
					"$(inherited)",
				);
				GCC_PREPROCESSOR_DEFINITIONS = (
					"DEBUG=1",
					"$(inherited)",
				);
				INFOPLIST_FILE = ChiShenMeTests/Info.plist;
				LD_RUNPATH_SEARCH_PATHS = "$(inherited) @executable_path/Frameworks @loader_path/Frameworks";
				METAL_ENABLE_DEBUG_INFO = YES;
				PRODUCT_NAME = "$(TARGET_NAME)";
				TEST_HOST = "$(BUNDLE_LOADER)";
			};
			name = Debug;
		};
		C55F338B1A318D7C00EEE2E2 /* Release */ = {
			isa = XCBuildConfiguration;
			buildSettings = {
				BUNDLE_LOADER = "$(BUILT_PRODUCTS_DIR)/ChiShenMe.app/ChiShenMe";
				FRAMEWORK_SEARCH_PATHS = (
					"$(SDKROOT)/Developer/Library/Frameworks",
					"$(inherited)",
				);
				INFOPLIST_FILE = ChiShenMeTests/Info.plist;
				LD_RUNPATH_SEARCH_PATHS = "$(inherited) @executable_path/Frameworks @loader_path/Frameworks";
				METAL_ENABLE_DEBUG_INFO = NO;
				PRODUCT_NAME = "$(TARGET_NAME)";
				TEST_HOST = "$(BUNDLE_LOADER)";
			};
			name = Release;
		};
/* End XCBuildConfiguration section */

/* Begin XCConfigurationList section */
		C55F335E1A318D7C00EEE2E2 /* Build configuration list for PBXProject "ChiShenMe" */ = {
			isa = XCConfigurationList;
			buildConfigurations = (
				C55F33841A318D7C00EEE2E2 /* Debug */,
				C55F33851A318D7C00EEE2E2 /* Release */,
			);
			defaultConfigurationIsVisible = 0;
			defaultConfigurationName = Release;
		};
		C55F33861A318D7C00EEE2E2 /* Build configuration list for PBXNativeTarget "ChiShenMe" */ = {
			isa = XCConfigurationList;
			buildConfigurations = (
				C55F33871A318D7C00EEE2E2 /* Debug */,
				C55F33881A318D7C00EEE2E2 /* Release */,
			);
			defaultConfigurationIsVisible = 0;
			defaultConfigurationName = Release;
		};
		C55F33891A318D7C00EEE2E2 /* Build configuration list for PBXNativeTarget "ChiShenMeTests" */ = {
			isa = XCConfigurationList;
			buildConfigurations = (
				C55F338A1A318D7C00EEE2E2 /* Debug */,
				C55F338B1A318D7C00EEE2E2 /* Release */,
			);
			defaultConfigurationIsVisible = 0;
			defaultConfigurationName = Release;
		};
/* End XCConfigurationList section */

/* Begin XCVersionGroup section */
		C55F336D1A318D7C00EEE2E2 /* ChiShenMe.xcdatamodeld */ = {
			isa = XCVersionGroup;
			children = (
				C55F336E1A318D7C00EEE2E2 /* ChiShenMe.xcdatamodel */,
			);
			currentVersion = C55F336E1A318D7C00EEE2E2 /* ChiShenMe.xcdatamodel */;
			path = ChiShenMe.xcdatamodeld;
			sourceTree = "<group>";
			versionGroupType = wrapper.xcdatamodel;
		};
/* End XCVersionGroup section */
	};
	rootObject = C55F335B1A318D7C00EEE2E2 /* Project object */;
}
